
Microsoft Visual Studio Solution File, Format Version 12.00
# Visual Studio Version 17
VisualStudioVersion = 17.13.35931.197 d17.13
MinimumVisualStudioVersion = 10.0.40219.1
Project("{FAE04EC0-301F-11D3-BF4B-00C04F79EFBC}") = "CmsApi.Auth", "CmsApi.Auth.csproj", "{FBF288A2-731F-47E6-A6B2-3A9E544F84E0}"
EndProject
Global
	GlobalSection(SolutionConfigurationPlatforms) = preSolution
		Debug|Any CPU = Debug|Any CPU
		Release|Any CPU = Release|Any CPU
	EndGlobalSection
	GlobalSection(ProjectConfigurationPlatforms) = postSolution
		{FBF288A2-731F-47E6-A6B2-3A9E544F84E0}.Debug|Any CPU.ActiveCfg = Debug|Any CPU
		{FBF288A2-731F-47E6-A6B2-3A9E544F84E0}.Debug|Any CPU.Build.0 = Debug|Any CPU
		{FBF288A2-731F-47E6-A6B2-3A9E544F84E0}.Release|Any CPU.ActiveCfg = Release|Any CPU
		{FBF288A2-731F-47E6-A6B2-3A9E544F84E0}.Release|Any CPU.Build.0 = Release|Any CPU
	EndGlobalSection
	GlobalSection(SolutionProperties) = preSolution
		HideSolutionNode = FALSE
	EndGlobalSection
	GlobalSection(ExtensibilityGlobals) = postSolution
		SolutionGuid = {D5369430-95B7-4E6F-ABE1-DD0765F798C5}
	EndGlobalSection
EndGlobal
